
Microsoft Visual Studio Solution File, Format Version 12.00
# Visual Studio Version 17
VisualStudioVersion = 17.4.33213.308
MinimumVisualStudioVersion = 10.0.40219.1
Project("{FAE04EC0-301F-11D3-BF4B-00C04F79EFBC}") = "PSP02_TE01_EJ02", "PSP02_TE01_EJ02\PSP02_TE01_EJ02.csproj", "{49EFD01F-4F7A-4DFB-890E-12886E02687D}"
EndProject
Global
	GlobalSection(SolutionConfigurationPlatforms) = preSolution
		Debug|Any CPU = Debug|Any CPU
		Release|Any CPU = Release|Any CPU
	EndGlobalSection
	GlobalSection(ProjectConfigurationPlatforms) = postSolution
		{49EFD01F-4F7A-4DFB-890E-12886E02687D}.Debug|Any CPU.ActiveCfg = Debug|Any CPU
		{49EFD01F-4F7A-4DFB-890E-12886E02687D}.Debug|Any CPU.Build.0 = Debug|Any CPU
		{49EFD01F-4F7A-4DFB-890E-12886E02687D}.Release|Any CPU.ActiveCfg = Release|Any CPU
		{49EFD01F-4F7A-4DFB-890E-12886E02687D}.Release|Any CPU.Build.0 = Release|Any CPU
	EndGlobalSection
	GlobalSection(SolutionProperties) = preSolution
		HideSolutionNode = FALSE
	EndGlobalSection
	GlobalSection(ExtensibilityGlobals) = postSolution
		SolutionGuid = {21A30ECA-24F2-43DB-B35B-6FBE2D791A02}
	EndGlobalSection
EndGlobal
