
Microsoft Visual Studio Solution File, Format Version 12.00
# Visual Studio Version 16
VisualStudioVersion = 16.0.33328.57
MinimumVisualStudioVersion = 10.0.40219.1
Project("{FAE04EC0-301F-11D3-BF4B-00C04F79EFBC}") = "PSP_02_Tarea2", "PSP_02_Tarea2\PSP_02_Tarea2.csproj", "{319FE157-E7EE-4E8C-B27B-E355D636D5B0}"
EndProject
Global
	GlobalSection(SolutionConfigurationPlatforms) = preSolution
		Debug|Any CPU = Debug|Any CPU
		Release|Any CPU = Release|Any CPU
	EndGlobalSection
	GlobalSection(ProjectConfigurationPlatforms) = postSolution
		{319FE157-E7EE-4E8C-B27B-E355D636D5B0}.Debug|Any CPU.ActiveCfg = Debug|Any CPU
		{319FE157-E7EE-4E8C-B27B-E355D636D5B0}.Debug|Any CPU.Build.0 = Debug|Any CPU
		{319FE157-E7EE-4E8C-B27B-E355D636D5B0}.Release|Any CPU.ActiveCfg = Release|Any CPU
		{319FE157-E7EE-4E8C-B27B-E355D636D5B0}.Release|Any CPU.Build.0 = Release|Any CPU
	EndGlobalSection
	GlobalSection(SolutionProperties) = preSolution
		HideSolutionNode = FALSE
	EndGlobalSection
	GlobalSection(ExtensibilityGlobals) = postSolution
		SolutionGuid = {53B834A8-D0F2-43A7-8716-5D71BC3FA704}
	EndGlobalSection
EndGlobal
